// !$*UTF8*$!
{
	archiveVersion = 1;
	classes = {
	};
	objectVersion = 56;
	objects = {

/* Begin PBXBuildFile section */
		33ACBEF42CB2DED200263ABC /* AppDelegate.swift in Sources */ = {isa = PBXBuildFile; fileRef = 33ACBEF32CB2DED200263ABC /* AppDelegate.swift */; };
		33ACBEF62CB2DED200263ABC /* SceneDelegate.swift in Sources */ = {isa = PBXBuildFile; fileRef = 33ACBEF52CB2DED200263ABC /* SceneDelegate.swift */; };
		33ACBEFD2CB2DED500263ABC /* Assets.xcassets in Resources */ = {isa = PBXBuildFile; fileRef = 33ACBEFC2CB2DED500263ABC /* Assets.xcassets */; };
		33ACBF002CB2DED500263ABC /* LaunchScreen.storyboard in Resources */ = {isa = PBXBuildFile; fileRef = 33ACBEFE2CB2DED500263ABC /* LaunchScreen.storyboard */; };
		33ACBF082CB2E19C00263ABC /* HomeViewController.swift in Sources */ = {isa = PBXBuildFile; fileRef = 33ACBF072CB2E19C00263ABC /* HomeViewController.swift */; };
		33ACBF102CB2E2AE00263ABC /* Flight.swift in Sources */ = {isa = PBXBuildFile; fileRef = 33ACBF0F2CB2E2AE00263ABC /* Flight.swift */; };
		33ACBF242CB2E40E00263ABC /* UITableView.swift in Sources */ = {isa = PBXBuildFile; fileRef = 33ACBF182CB2E40E00263ABC /* UITableView.swift */; };
		33ACBF292CB2E40E00263ABC /* Layer.swift in Sources */ = {isa = PBXBuildFile; fileRef = 33ACBF1D2CB2E40E00263ABC /* Layer.swift */; };
		33ACBF2D2CB2E4F200263ABC /* VooTableViewCell.swift in Sources */ = {isa = PBXBuildFile; fileRef = 33ACBF2B2CB2E4F200263ABC /* VooTableViewCell.swift */; };
		33ACBF2E2CB2E4F200263ABC /* VooTableViewCell.xib in Resources */ = {isa = PBXBuildFile; fileRef = 33ACBF2C2CB2E4F200263ABC /* VooTableViewCell.xib */; };
		33ACBF302CB2E92900263ABC /* HomeViewModel.swift in Sources */ = {isa = PBXBuildFile; fileRef = 33ACBF2F2CB2E92900263ABC /* HomeViewModel.swift */; };
		33ACBF342CB2F35A00263ABC /* Mock.json in Resources */ = {isa = PBXBuildFile; fileRef = 33ACBF332CB2F35A00263ABC /* Mock.json */; };
		33D5E5782CB4885B003A8794 /* FlightService.swift in Sources */ = {isa = PBXBuildFile; fileRef = 33D5E5772CB4885B003A8794 /* FlightService.swift */; };
		33D5E5802CB48C2B003A8794 /* Way_AirlinesTests.swift in Sources */ = {isa = PBXBuildFile; fileRef = 33D5E57F2CB48C2B003A8794 /* Way_AirlinesTests.swift */; };
		33E5ED172CB352DA00405011 /* UIView + Extension.swift in Sources */ = {isa = PBXBuildFile; fileRef = 33E5ED162CB352DA00405011 /* UIView + Extension.swift */; };
		33E5ED192CB35F5100405011 /* DetalhesVooViewController.swift in Sources */ = {isa = PBXBuildFile; fileRef = 33E5ED182CB35F5100405011 /* DetalhesVooViewController.swift */; };
		33E5ED1D2CB4459500405011 /* TabBarViewController.swift in Sources */ = {isa = PBXBuildFile; fileRef = 33E5ED1C2CB4459500405011 /* TabBarViewController.swift */; };
		33E5ED1F2CB44CDC00405011 /* AeroportosViewController.swift in Sources */ = {isa = PBXBuildFile; fileRef = 33E5ED1E2CB44CDC00405011 /* AeroportosViewController.swift */; };
		33E5ED232CB44D2900405011 /* AeroportoTableViewCell.swift in Sources */ = {isa = PBXBuildFile; fileRef = 33E5ED212CB44D2900405011 /* AeroportoTableViewCell.swift */; };
		33E5ED242CB44D2900405011 /* AeroportoTableViewCell.xib in Resources */ = {isa = PBXBuildFile; fileRef = 33E5ED222CB44D2900405011 /* AeroportoTableViewCell.xib */; };
/* End PBXBuildFile section */

/* Begin PBXContainerItemProxy section */
		33D5E5812CB48C2B003A8794 /* PBXContainerItemProxy */ = {
			isa = PBXContainerItemProxy;
			containerPortal = 33ACBEE82CB2DED200263ABC /* Project object */;
			proxyType = 1;
			remoteGlobalIDString = 33ACBEEF2CB2DED200263ABC;
			remoteInfo = "Way Airlines";
		};
/* End PBXContainerItemProxy section */

/* Begin PBXFileReference section */
		33ACBEF02CB2DED200263ABC /* Way Airlines.app */ = {isa = PBXFileReference; explicitFileType = wrapper.application; includeInIndex = 0; path = "Way Airlines.app"; sourceTree = BUILT_PRODUCTS_DIR; };
		33ACBEF32CB2DED200263ABC /* AppDelegate.swift */ = {isa = PBXFileReference; lastKnownFileType = sourcecode.swift; path = AppDelegate.swift; sourceTree = "<group>"; };
		33ACBEF52CB2DED200263ABC /* SceneDelegate.swift */ = {isa = PBXFileReference; lastKnownFileType = sourcecode.swift; path = SceneDelegate.swift; sourceTree = "<group>"; };
		33ACBEFC2CB2DED500263ABC /* Assets.xcassets */ = {isa = PBXFileReference; lastKnownFileType = folder.assetcatalog; path = Assets.xcassets; sourceTree = "<group>"; };
		33ACBEFF2CB2DED500263ABC /* Base */ = {isa = PBXFileReference; lastKnownFileType = file.storyboard; name = Base; path = Base.lproj/LaunchScreen.storyboard; sourceTree = "<group>"; };
		33ACBF012CB2DED500263ABC /* Info.plist */ = {isa = PBXFileReference; lastKnownFileType = text.plist.xml; path = Info.plist; sourceTree = "<group>"; };
		33ACBF072CB2E19C00263ABC /* HomeViewController.swift */ = {isa = PBXFileReference; lastKnownFileType = sourcecode.swift; path = HomeViewController.swift; sourceTree = "<group>"; };
		33ACBF0F2CB2E2AE00263ABC /* Flight.swift */ = {isa = PBXFileReference; lastKnownFileType = sourcecode.swift; path = Flight.swift; sourceTree = "<group>"; };
		33ACBF182CB2E40E00263ABC /* UITableView.swift */ = {isa = PBXFileReference; fileEncoding = 4; lastKnownFileType = sourcecode.swift; path = UITableView.swift; sourceTree = "<group>"; };
		33ACBF1D2CB2E40E00263ABC /* Layer.swift */ = {isa = PBXFileReference; fileEncoding = 4; lastKnownFileType = sourcecode.swift; path = Layer.swift; sourceTree = "<group>"; };
		33ACBF2B2CB2E4F200263ABC /* VooTableViewCell.swift */ = {isa = PBXFileReference; lastKnownFileType = sourcecode.swift; path = VooTableViewCell.swift; sourceTree = "<group>"; };
		33ACBF2C2CB2E4F200263ABC /* VooTableViewCell.xib */ = {isa = PBXFileReference; lastKnownFileType = file.xib; path = VooTableViewCell.xib; sourceTree = "<group>"; };
		33ACBF2F2CB2E92900263ABC /* HomeViewModel.swift */ = {isa = PBXFileReference; lastKnownFileType = sourcecode.swift; path = HomeViewModel.swift; sourceTree = "<group>"; };
		33ACBF332CB2F35A00263ABC /* Mock.json */ = {isa = PBXFileReference; fileEncoding = 4; lastKnownFileType = text.json; path = Mock.json; sourceTree = "<group>"; };
		33D5E5772CB4885B003A8794 /* FlightService.swift */ = {isa = PBXFileReference; lastKnownFileType = sourcecode.swift; path = FlightService.swift; sourceTree = "<group>"; };
		33D5E57D2CB48C2B003A8794 /* Way AirlinesTests.xctest */ = {isa = PBXFileReference; explicitFileType = wrapper.cfbundle; includeInIndex = 0; path = "Way AirlinesTests.xctest"; sourceTree = BUILT_PRODUCTS_DIR; };
		33D5E57F2CB48C2B003A8794 /* Way_AirlinesTests.swift */ = {isa = PBXFileReference; lastKnownFileType = sourcecode.swift; path = Way_AirlinesTests.swift; sourceTree = "<group>"; };
		33E5ED162CB352DA00405011 /* UIView + Extension.swift */ = {isa = PBXFileReference; fileEncoding = 4; lastKnownFileType = sourcecode.swift; path = "UIView + Extension.swift"; sourceTree = "<group>"; };
		33E5ED182CB35F5100405011 /* DetalhesVooViewController.swift */ = {isa = PBXFileReference; lastKnownFileType = sourcecode.swift; path = DetalhesVooViewController.swift; sourceTree = "<group>"; };
		33E5ED1C2CB4459500405011 /* TabBarViewController.swift */ = {isa = PBXFileReference; fileEncoding = 4; lastKnownFileType = sourcecode.swift; path = TabBarViewController.swift; sourceTree = "<group>"; };
		33E5ED1E2CB44CDC00405011 /* AeroportosViewController.swift */ = {isa = PBXFileReference; lastKnownFileType = sourcecode.swift; path = AeroportosViewController.swift; sourceTree = "<group>"; };
		33E5ED212CB44D2900405011 /* AeroportoTableViewCell.swift */ = {isa = PBXFileReference; lastKnownFileType = sourcecode.swift; path = AeroportoTableViewCell.swift; sourceTree = "<group>"; };
		33E5ED222CB44D2900405011 /* AeroportoTableViewCell.xib */ = {isa = PBXFileReference; lastKnownFileType = file.xib; path = AeroportoTableViewCell.xib; sourceTree = "<group>"; };
/* End PBXFileReference section */

/* Begin PBXFrameworksBuildPhase section */
		33ACBEED2CB2DED200263ABC /* Frameworks */ = {
			isa = PBXFrameworksBuildPhase;
			buildActionMask = 2147483647;
			files = (
			);
			runOnlyForDeploymentPostprocessing = 0;
		};
		33D5E57A2CB48C2B003A8794 /* Frameworks */ = {
			isa = PBXFrameworksBuildPhase;
			buildActionMask = 2147483647;
			files = (
			);
			runOnlyForDeploymentPostprocessing = 0;
		};
/* End PBXFrameworksBuildPhase section */

/* Begin PBXGroup section */
		33ACBEE72CB2DED200263ABC = {
			isa = PBXGroup;
			children = (
				33D5E5772CB4885B003A8794 /* FlightService.swift */,
				33ACBEF22CB2DED200263ABC /* Way Airlines */,
				33D5E57E2CB48C2B003A8794 /* Way AirlinesTests */,
				33ACBEF12CB2DED200263ABC /* Products */,
			);
			sourceTree = "<group>";
		};
		33ACBEF12CB2DED200263ABC /* Products */ = {
			isa = PBXGroup;
			children = (
				33ACBEF02CB2DED200263ABC /* Way Airlines.app */,
				33D5E57D2CB48C2B003A8794 /* Way AirlinesTests.xctest */,
			);
			name = Products;
			sourceTree = "<group>";
		};
		33ACBEF22CB2DED200263ABC /* Way Airlines */ = {
			isa = PBXGroup;
			children = (
				33ACBF112CB2E40E00263ABC /* Extensions */,
				33ACBEF32CB2DED200263ABC /* AppDelegate.swift */,
				33ACBEF52CB2DED200263ABC /* SceneDelegate.swift */,
				33E5ED1C2CB4459500405011 /* TabBarViewController.swift */,
				33ACBF332CB2F35A00263ABC /* Mock.json */,
				33E5ED202CB44CFD00405011 /* Aeroportos */,
				33ACBF092CB2E1A000263ABC /* Home */,
				33E5ED1A2CB35F5900405011 /* Detalhes */,
				33ACBEFC2CB2DED500263ABC /* Assets.xcassets */,
				33ACBEFE2CB2DED500263ABC /* LaunchScreen.storyboard */,
				33ACBF012CB2DED500263ABC /* Info.plist */,
			);
			path = "Way Airlines";
			sourceTree = "<group>";
		};
		33ACBF092CB2E1A000263ABC /* Home */ = {
			isa = PBXGroup;
			children = (
				33ACBF2A2CB2E4C200263ABC /* Cell */,
				33ACBF0C2CB2E22900263ABC /* Model */,
				33ACBF0A2CB2E20700263ABC /* ViewController */,
			);
			path = Home;
			sourceTree = "<group>";
		};
		33ACBF0A2CB2E20700263ABC /* ViewController */ = {
			isa = PBXGroup;
			children = (
				33ACBF072CB2E19C00263ABC /* HomeViewController.swift */,
			);
			path = ViewController;
			sourceTree = "<group>";
		};
		33ACBF0C2CB2E22900263ABC /* Model */ = {
			isa = PBXGroup;
			children = (
				33ACBF2F2CB2E92900263ABC /* HomeViewModel.swift */,
				33ACBF0F2CB2E2AE00263ABC /* Flight.swift */,
			);
			path = Model;
			sourceTree = "<group>";
		};
		33ACBF112CB2E40E00263ABC /* Extensions */ = {
			isa = PBXGroup;
			children = (
				33E5ED162CB352DA00405011 /* UIView + Extension.swift */,
				33ACBF182CB2E40E00263ABC /* UITableView.swift */,
				33ACBF1D2CB2E40E00263ABC /* Layer.swift */,
			);
			path = Extensions;
			sourceTree = "<group>";
		};
		33ACBF2A2CB2E4C200263ABC /* Cell */ = {
			isa = PBXGroup;
			children = (
				33ACBF2B2CB2E4F200263ABC /* VooTableViewCell.swift */,
				33ACBF2C2CB2E4F200263ABC /* VooTableViewCell.xib */,
			);
			path = Cell;
			sourceTree = "<group>";
		};
		33D5E57E2CB48C2B003A8794 /* Way AirlinesTests */ = {
			isa = PBXGroup;
			children = (
				33D5E57F2CB48C2B003A8794 /* Way_AirlinesTests.swift */,
			);
			path = "Way AirlinesTests";
			sourceTree = "<group>";
		};
		33E5ED1A2CB35F5900405011 /* Detalhes */ = {
			isa = PBXGroup;
			children = (
				33E5ED1B2CB35F7300405011 /* ViewController */,
			);
			path = Detalhes;
			sourceTree = "<group>";
		};
		33E5ED1B2CB35F7300405011 /* ViewController */ = {
			isa = PBXGroup;
			children = (
				33E5ED182CB35F5100405011 /* DetalhesVooViewController.swift */,
			);
			path = ViewController;
			sourceTree = "<group>";
		};
		33E5ED202CB44CFD00405011 /* Aeroportos */ = {
			isa = PBXGroup;
			children = (
				33E5ED1E2CB44CDC00405011 /* AeroportosViewController.swift */,
				33E5ED212CB44D2900405011 /* AeroportoTableViewCell.swift */,
				33E5ED222CB44D2900405011 /* AeroportoTableViewCell.xib */,
			);
			path = Aeroportos;
			sourceTree = "<group>";
		};
/* End PBXGroup section */

/* Begin PBXNativeTarget section */
		33ACBEEF2CB2DED200263ABC /* Way Airlines */ = {
			isa = PBXNativeTarget;
			buildConfigurationList = 33ACBF042CB2DED500263ABC /* Build configuration list for PBXNativeTarget "Way Airlines" */;
			buildPhases = (
				33ACBEEC2CB2DED200263ABC /* Sources */,
				33ACBEED2CB2DED200263ABC /* Frameworks */,
				33ACBEEE2CB2DED200263ABC /* Resources */,
			);
			buildRules = (
			);
			dependencies = (
			);
			name = "Way Airlines";
			productName = "Way Airlines";
			productReference = 33ACBEF02CB2DED200263ABC /* Way Airlines.app */;
			productType = "com.apple.product-type.application";
		};
		33D5E57C2CB48C2B003A8794 /* Way AirlinesTests */ = {
			isa = PBXNativeTarget;
			buildConfigurationList = 33D5E5832CB48C2B003A8794 /* Build configuration list for PBXNativeTarget "Way AirlinesTests" */;
			buildPhases = (
				33D5E5792CB48C2B003A8794 /* Sources */,
				33D5E57A2CB48C2B003A8794 /* Frameworks */,
				33D5E57B2CB48C2B003A8794 /* Resources */,
			);
			buildRules = (
			);
			dependencies = (
				33D5E5822CB48C2B003A8794 /* PBXTargetDependency */,
			);
			name = "Way AirlinesTests";
			productName = "Way AirlinesTests";
			productReference = 33D5E57D2CB48C2B003A8794 /* Way AirlinesTests.xctest */;
			productType = "com.apple.product-type.bundle.unit-test";
		};
/* End PBXNativeTarget section */

/* Begin PBXProject section */
		33ACBEE82CB2DED200263ABC /* Project object */ = {
			isa = PBXProject;
			attributes = {
				BuildIndependentTargetsInParallel = 1;
				LastSwiftUpdateCheck = 1410;
				LastUpgradeCheck = 1410;
				TargetAttributes = {
					33ACBEEF2CB2DED200263ABC = {
						CreatedOnToolsVersion = 14.1;
					};
					33D5E57C2CB48C2B003A8794 = {
						CreatedOnToolsVersion = 14.1;
						TestTargetID = 33ACBEEF2CB2DED200263ABC;
					};
				};
			};
			buildConfigurationList = 33ACBEEB2CB2DED200263ABC /* Build configuration list for PBXProject "Way Airlines" */;
			compatibilityVersion = "Xcode 14.0";
			developmentRegion = en;
			hasScannedForEncodings = 0;
			knownRegions = (
				en,
				Base,
			);
			mainGroup = 33ACBEE72CB2DED200263ABC;
			productRefGroup = 33ACBEF12CB2DED200263ABC /* Products */;
			projectDirPath = "";
			projectRoot = "";
			targets = (
				33ACBEEF2CB2DED200263ABC /* Way Airlines */,
				33D5E57C2CB48C2B003A8794 /* Way AirlinesTests */,
			);
		};
/* End PBXProject section */

/* Begin PBXResourcesBuildPhase section */
		33ACBEEE2CB2DED200263ABC /* Resources */ = {
			isa = PBXResourcesBuildPhase;
			buildActionMask = 2147483647;
			files = (
				33ACBF342CB2F35A00263ABC /* Mock.json in Resources */,
				33ACBF002CB2DED500263ABC /* LaunchScreen.storyboard in Resources */,
				33ACBEFD2CB2DED500263ABC /* Assets.xcassets in Resources */,
				33ACBF2E2CB2E4F200263ABC /* VooTableViewCell.xib in Resources */,
				33E5ED242CB44D2900405011 /* AeroportoTableViewCell.xib in Resources */,
			);
			runOnlyForDeploymentPostprocessing = 0;
		};
		33D5E57B2CB48C2B003A8794 /* Resources */ = {
			isa = PBXResourcesBuildPhase;
			buildActionMask = 2147483647;
			files = (
			);
			runOnlyForDeploymentPostprocessing = 0;
		};
/* End PBXResourcesBuildPhase section */

/* Begin PBXSourcesBuildPhase section */
		33ACBEEC2CB2DED200263ABC /* Sources */ = {
			isa = PBXSourcesBuildPhase;
			buildActionMask = 2147483647;
			files = (
				33ACBF102CB2E2AE00263ABC /* Flight.swift in Sources */,
				33E5ED192CB35F5100405011 /* DetalhesVooViewController.swift in Sources */,
				33E5ED1D2CB4459500405011 /* TabBarViewController.swift in Sources */,
				33ACBF292CB2E40E00263ABC /* Layer.swift in Sources */,
				33E5ED1F2CB44CDC00405011 /* AeroportosViewController.swift in Sources */,
				33ACBEF42CB2DED200263ABC /* AppDelegate.swift in Sources */,
				33ACBF302CB2E92900263ABC /* HomeViewModel.swift in Sources */,
				33ACBEF62CB2DED200263ABC /* SceneDelegate.swift in Sources */,
				33ACBF242CB2E40E00263ABC /* UITableView.swift in Sources */,
				33ACBF082CB2E19C00263ABC /* HomeViewController.swift in Sources */,
				33ACBF2D2CB2E4F200263ABC /* VooTableViewCell.swift in Sources */,
				33E5ED172CB352DA00405011 /* UIView + Extension.swift in Sources */,
				33E5ED232CB44D2900405011 /* AeroportoTableViewCell.swift in Sources */,
				33D5E5782CB4885B003A8794 /* FlightService.swift in Sources */,
			);
			runOnlyForDeploymentPostprocessing = 0;
		};
		33D5E5792CB48C2B003A8794 /* Sources */ = {
			isa = PBXSourcesBuildPhase;
			buildActionMask = 2147483647;
			files = (
				33D5E5802CB48C2B003A8794 /* Way_AirlinesTests.swift in Sources */,
			);
			runOnlyForDeploymentPostprocessing = 0;
		};
/* End PBXSourcesBuildPhase section */

/* Begin PBXTargetDependency section */
		33D5E5822CB48C2B003A8794 /* PBXTargetDependency */ = {
			isa = PBXTargetDependency;
			target = 33ACBEEF2CB2DED200263ABC /* Way Airlines */;
			targetProxy = 33D5E5812CB48C2B003A8794 /* PBXContainerItemProxy */;
		};
/* End PBXTargetDependency section */

/* Begin PBXVariantGroup section */
		33ACBEFE2CB2DED500263ABC /* LaunchScreen.storyboard */ = {
			isa = PBXVariantGroup;
			children = (
				33ACBEFF2CB2DED500263ABC /* Base */,
			);
			name = LaunchScreen.storyboard;
			sourceTree = "<group>";
		};
/* End PBXVariantGroup section */

/* Begin XCBuildConfiguration section */
		33ACBF022CB2DED500263ABC /* Debug */ = {
			isa = XCBuildConfiguration;
			buildSettings = {
				ALWAYS_SEARCH_USER_PATHS = NO;
				CLANG_ANALYZER_NONNULL = YES;
				CLANG_ANALYZER_NUMBER_OBJECT_CONVERSION = YES_AGGRESSIVE;
				CLANG_CXX_LANGUAGE_STANDARD = "gnu++20";
				CLANG_ENABLE_MODULES = YES;
				CLANG_ENABLE_OBJC_ARC = YES;
				CLANG_ENABLE_OBJC_WEAK = YES;
				CLANG_WARN_BLOCK_CAPTURE_AUTORELEASING = YES;
				CLANG_WARN_BOOL_CONVERSION = YES;
				CLANG_WARN_COMMA = YES;
				CLANG_WARN_CONSTANT_CONVERSION = YES;
				CLANG_WARN_DEPRECATED_OBJC_IMPLEMENTATIONS = YES;
				CLANG_WARN_DIRECT_OBJC_ISA_USAGE = YES_ERROR;
				CLANG_WARN_DOCUMENTATION_COMMENTS = YES;
				CLANG_WARN_EMPTY_BODY = YES;
				CLANG_WARN_ENUM_CONVERSION = YES;
				CLANG_WARN_INFINITE_RECURSION = YES;
				CLANG_WARN_INT_CONVERSION = YES;
				CLANG_WARN_NON_LITERAL_NULL_CONVERSION = YES;
				CLANG_WARN_OBJC_IMPLICIT_RETAIN_SELF = YES;
				CLANG_WARN_OBJC_LITERAL_CONVERSION = YES;
				CLANG_WARN_OBJC_ROOT_CLASS = YES_ERROR;
				CLANG_WARN_QUOTED_INCLUDE_IN_FRAMEWORK_HEADER = YES;
				CLANG_WARN_RANGE_LOOP_ANALYSIS = YES;
				CLANG_WARN_STRICT_PROTOTYPES = YES;
				CLANG_WARN_SUSPICIOUS_MOVE = YES;
				CLANG_WARN_UNGUARDED_AVAILABILITY = YES_AGGRESSIVE;
				CLANG_WARN_UNREACHABLE_CODE = YES;
				CLANG_WARN__DUPLICATE_METHOD_MATCH = YES;
				COPY_PHASE_STRIP = NO;
				DEBUG_INFORMATION_FORMAT = dwarf;
				ENABLE_STRICT_OBJC_MSGSEND = YES;
				ENABLE_TESTABILITY = YES;
				GCC_C_LANGUAGE_STANDARD = gnu11;
				GCC_DYNAMIC_NO_PIC = NO;
				GCC_NO_COMMON_BLOCKS = YES;
				GCC_OPTIMIZATION_LEVEL = 0;
				GCC_PREPROCESSOR_DEFINITIONS = (
					"DEBUG=1",
					"$(inherited)",
				);
				GCC_WARN_64_TO_32_BIT_CONVERSION = YES;
				GCC_WARN_ABOUT_RETURN_TYPE = YES_ERROR;
				GCC_WARN_UNDECLARED_SELECTOR = YES;
				GCC_WARN_UNINITIALIZED_AUTOS = YES_AGGRESSIVE;
				GCC_WARN_UNUSED_FUNCTION = YES;
				GCC_WARN_UNUSED_VARIABLE = YES;
				IPHONEOS_DEPLOYMENT_TARGET = 16.1;
				MTL_ENABLE_DEBUG_INFO = INCLUDE_SOURCE;
				MTL_FAST_MATH = YES;
				ONLY_ACTIVE_ARCH = YES;
				SDKROOT = iphoneos;
				SWIFT_ACTIVE_COMPILATION_CONDITIONS = DEBUG;
				SWIFT_OPTIMIZATION_LEVEL = "-Onone";
			};
			name = Debug;
		};
		33ACBF032CB2DED500263ABC /* Release */ = {
			isa = XCBuildConfiguration;
			buildSettings = {
				ALWAYS_SEARCH_USER_PATHS = NO;
				CLANG_ANALYZER_NONNULL = YES;
				CLANG_ANALYZER_NUMBER_OBJECT_CONVERSION = YES_AGGRESSIVE;
				CLANG_CXX_LANGUAGE_STANDARD = "gnu++20";
				CLANG_ENABLE_MODULES = YES;
				CLANG_ENABLE_OBJC_ARC = YES;
				CLANG_ENABLE_OBJC_WEAK = YES;
				CLANG_WARN_BLOCK_CAPTURE_AUTORELEASING = YES;
				CLANG_WARN_BOOL_CONVERSION = YES;
				CLANG_WARN_COMMA = YES;
				CLANG_WARN_CONSTANT_CONVERSION = YES;
				CLANG_WARN_DEPRECATED_OBJC_IMPLEMENTATIONS = YES;
				CLANG_WARN_DIRECT_OBJC_ISA_USAGE = YES_ERROR;
				CLANG_WARN_DOCUMENTATION_COMMENTS = YES;
				CLANG_WARN_EMPTY_BODY = YES;
				CLANG_WARN_ENUM_CONVERSION = YES;
				CLANG_WARN_INFINITE_RECURSION = YES;
				CLANG_WARN_INT_CONVERSION = YES;
				CLANG_WARN_NON_LITERAL_NULL_CONVERSION = YES;
				CLANG_WARN_OBJC_IMPLICIT_RETAIN_SELF = YES;
				CLANG_WARN_OBJC_LITERAL_CONVERSION = YES;
				CLANG_WARN_OBJC_ROOT_CLASS = YES_ERROR;
				CLANG_WARN_QUOTED_INCLUDE_IN_FRAMEWORK_HEADER = YES;
				CLANG_WARN_RANGE_LOOP_ANALYSIS = YES;
				CLANG_WARN_STRICT_PROTOTYPES = YES;
				CLANG_WARN_SUSPICIOUS_MOVE = YES;
				CLANG_WARN_UNGUARDED_AVAILABILITY = YES_AGGRESSIVE;
				CLANG_WARN_UNREACHABLE_CODE = YES;
				CLANG_WARN__DUPLICATE_METHOD_MATCH = YES;
				COPY_PHASE_STRIP = NO;
				DEBUG_INFORMATION_FORMAT = "dwarf-with-dsym";
				ENABLE_NS_ASSERTIONS = NO;
				ENABLE_STRICT_OBJC_MSGSEND = YES;
				GCC_C_LANGUAGE_STANDARD = gnu11;
				GCC_NO_COMMON_BLOCKS = YES;
				GCC_WARN_64_TO_32_BIT_CONVERSION = YES;
				GCC_WARN_ABOUT_RETURN_TYPE = YES_ERROR;
				GCC_WARN_UNDECLARED_SELECTOR = YES;
				GCC_WARN_UNINITIALIZED_AUTOS = YES_AGGRESSIVE;
				GCC_WARN_UNUSED_FUNCTION = YES;
				GCC_WARN_UNUSED_VARIABLE = YES;
				IPHONEOS_DEPLOYMENT_TARGET = 16.1;
				MTL_ENABLE_DEBUG_INFO = NO;
				MTL_FAST_MATH = YES;
				SDKROOT = iphoneos;
				SWIFT_COMPILATION_MODE = wholemodule;
				SWIFT_OPTIMIZATION_LEVEL = "-O";
				VALIDATE_PRODUCT = YES;
			};
			name = Release;
		};
		33ACBF052CB2DED500263ABC /* Debug */ = {
			isa = XCBuildConfiguration;
			buildSettings = {
				ASSETCATALOG_COMPILER_APPICON_NAME = AppIcon;
				ASSETCATALOG_COMPILER_GLOBAL_ACCENT_COLOR_NAME = AccentColor;
				CODE_SIGN_STYLE = Automatic;
				CURRENT_PROJECT_VERSION = 1;
				GENERATE_INFOPLIST_FILE = YES;
				INFOPLIST_FILE = "Way Airlines/Info.plist";
				INFOPLIST_KEY_UIApplicationSupportsIndirectInputEvents = YES;
				INFOPLIST_KEY_UILaunchStoryboardName = LaunchScreen;
				INFOPLIST_KEY_UISupportedInterfaceOrientations = UIInterfaceOrientationPortrait;
				IPHONEOS_DEPLOYMENT_TARGET = 16.1;
				LD_RUNPATH_SEARCH_PATHS = (
					"$(inherited)",
					"@executable_path/Frameworks",
				);
				MARKETING_VERSION = 1.0;
				PRODUCT_BUNDLE_IDENTIFIER = "CompanyFontsi.Way-Airlines";
				PRODUCT_NAME = "$(TARGET_NAME)";
				SWIFT_EMIT_LOC_STRINGS = YES;
				SWIFT_VERSION = 5.0;
				TARGETED_DEVICE_FAMILY = "1,2";
			};
			name = Debug;
		};
		33ACBF062CB2DED500263ABC /* Release */ = {
			isa = XCBuildConfiguration;
			buildSettings = {
				ASSETCATALOG_COMPILER_APPICON_NAME = AppIcon;
				ASSETCATALOG_COMPILER_GLOBAL_ACCENT_COLOR_NAME = AccentColor;
				CODE_SIGN_STYLE = Automatic;
				CURRENT_PROJECT_VERSION = 1;
				GENERATE_INFOPLIST_FILE = YES;
				INFOPLIST_FILE = "Way Airlines/Info.plist";
				INFOPLIST_KEY_UIApplicationSupportsIndirectInputEvents = YES;
				INFOPLIST_KEY_UILaunchStoryboardName = LaunchScreen;
				INFOPLIST_KEY_UISupportedInterfaceOrientations = UIInterfaceOrientationPortrait;
				IPHONEOS_DEPLOYMENT_TARGET = 16.1;
				LD_RUNPATH_SEARCH_PATHS = (
					"$(inherited)",
					"@executable_path/Frameworks",
				);
				MARKETING_VERSION = 1.0;
				PRODUCT_BUNDLE_IDENTIFIER = "CompanyFontsi.Way-Airlines";
				PRODUCT_NAME = "$(TARGET_NAME)";
				SWIFT_EMIT_LOC_STRINGS = YES;
				SWIFT_VERSION = 5.0;
				TARGETED_DEVICE_FAMILY = "1,2";
			};
			name = Release;
		};
		33D5E5842CB48C2B003A8794 /* Debug */ = {
			isa = XCBuildConfiguration;
			buildSettings = {
				BUNDLE_LOADER = "$(TEST_HOST)";
				CODE_SIGN_STYLE = Automatic;
				CURRENT_PROJECT_VERSION = 1;
				GENERATE_INFOPLIST_FILE = YES;
				MARKETING_VERSION = 1.0;
				PRODUCT_BUNDLE_IDENTIFIER = "CompanyFontsi.Way-AirlinesTests";
				PRODUCT_NAME = "$(TARGET_NAME)";
				SWIFT_EMIT_LOC_STRINGS = NO;
				SWIFT_VERSION = 5.0;
				TARGETED_DEVICE_FAMILY = "1,2";
				TEST_HOST = "$(BUILT_PRODUCTS_DIR)/Way Airlines.app/$(BUNDLE_EXECUTABLE_FOLDER_PATH)/Way Airlines";
			};
			name = Debug;
		};
		33D5E5852CB48C2B003A8794 /* Release */ = {
			isa = XCBuildConfiguration;
			buildSettings = {
				BUNDLE_LOADER = "$(TEST_HOST)";
				CODE_SIGN_STYLE = Automatic;
				CURRENT_PROJECT_VERSION = 1;
				GENERATE_INFOPLIST_FILE = YES;
				MARKETING_VERSION = 1.0;
				PRODUCT_BUNDLE_IDENTIFIER = "CompanyFontsi.Way-AirlinesTests";
				PRODUCT_NAME = "$(TARGET_NAME)";
				SWIFT_EMIT_LOC_STRINGS = NO;
				SWIFT_VERSION = 5.0;
				TARGETED_DEVICE_FAMILY = "1,2";
				TEST_HOST = "$(BUILT_PRODUCTS_DIR)/Way Airlines.app/$(BUNDLE_EXECUTABLE_FOLDER_PATH)/Way Airlines";
			};
			name = Release;
		};
/* End XCBuildConfiguration section */

/* Begin XCConfigurationList section */
		33ACBEEB2CB2DED200263ABC /* Build configuration list for PBXProject "Way Airlines" */ = {
			isa = XCConfigurationList;
			buildConfigurations = (
				33ACBF022CB2DED500263ABC /* Debug */,
				33ACBF032CB2DED500263ABC /* Release */,
			);
			defaultConfigurationIsVisible = 0;
			defaultConfigurationName = Release;
		};
		33ACBF042CB2DED500263ABC /* Build configuration list for PBXNativeTarget "Way Airlines" */ = {
			isa = XCConfigurationList;
			buildConfigurations = (
				33ACBF052CB2DED500263ABC /* Debug */,
				33ACBF062CB2DED500263ABC /* Release */,
			);
			defaultConfigurationIsVisible = 0;
			defaultConfigurationName = Release;
		};
		33D5E5832CB48C2B003A8794 /* Build configuration list for PBXNativeTarget "Way AirlinesTests" */ = {
			isa = XCConfigurationList;
			buildConfigurations = (
				33D5E5842CB48C2B003A8794 /* Debug */,
				33D5E5852CB48C2B003A8794 /* Release */,
			);
			defaultConfigurationIsVisible = 0;
			defaultConfigurationName = Release;
		};
/* End XCConfigurationList section */
	};
	rootObject = 33ACBEE82CB2DED200263ABC /* Project object */;
}
